<?xml version="1.0" encoding="utf-8"?>
<Project ToolsVersion="4.0" xmlns="http://schemas.microsoft.com/developer/msbuild/2003">
  <ItemGroup>
    <Filter Include="리소스 파일">
      <UniqueIdentifier>{67DA6AB6-F800-4c08-8B7A-83BB121AAD01}</UniqueIdentifier>
      <Extensions>rc;ico;cur;bmp;dlg;rc2;rct;bin;rgs;gif;jpg;jpeg;jpe;resx;tiff;tif;png;wav;mfcribbon-ms</Extensions>
    </Filter>
    <Filter Include="Fixed">
      <UniqueIdentifier>{cdce977f-3d60-4c40-ade4-d2f7d2bec838}</UniqueIdentifier>
    </Filter>
    <Filter Include="StaticGlobal">
      <UniqueIdentifier>{e91c1f1f-163c-4798-992e-19505e1d7d9d}</UniqueIdentifier>
    </Filter>
    <Filter Include="StaticGlobal\0_Effects">
      <UniqueIdentifier>{5933e275-bd33-4e46-bfa9-462280a7204e}</UniqueIdentifier>
    </Filter>
    <Filter Include="StaticGlobal\1_Common">
      <UniqueIdentifier>{9d6d465a-c86b-4378-b9f2-80aa71ba71ca}</UniqueIdentifier>
    </Filter>
    <Filter Include="StaticGlobal\2_Managers">
      <UniqueIdentifier>{f0558bf3-1d51-4b7a-8882-bea4a9979d3b}</UniqueIdentifier>
    </Filter>
    <Filter Include="LocalDynamic">
      <UniqueIdentifier>{a54ccc23-d8ca-4044-8012-f74ceef6559e}</UniqueIdentifier>
    </Filter>
    <Filter Include="LocalDynamic\3_Scenes">
      <UniqueIdentifier>{9d426cc7-0510-4173-87cc-539c574b9372}</UniqueIdentifier>
    </Filter>
    <Filter Include="LocalDynamic\4_Shaders">
      <UniqueIdentifier>{df0396e9-47a3-474f-b779-2fa127ce0a28}</UniqueIdentifier>
    </Filter>
    <Filter Include="LocalDynamic\5_ObjectsAndCamera">
      <UniqueIdentifier>{c654119a-4951-4246-89c5-e71ae7645a54}</UniqueIdentifier>
    </Filter>
    <Filter Include="LocalDynamic\6_Meshes">
      <UniqueIdentifier>{f1fc6fa5-5ff9-43a3-9b99-633e6cbd4d7f}</UniqueIdentifier>
    </Filter>
    <Filter Include="StaticGlobal\0_Effects\PostProcessing">
      <UniqueIdentifier>{693e6bac-0997-4ba5-a448-a19097711bf7}</UniqueIdentifier>
    </Filter>
  </ItemGroup>
  <ItemGroup>
    <ClInclude Include="GameFramework.h">
      <Filter>StaticGlobal\1_Common</Filter>
    </ClInclude>
    <ClInclude Include="MyInline.h">
      <Filter>StaticGlobal\1_Common</Filter>
    </ClInclude>
    <ClInclude Include="stdafx.h">
      <Filter>StaticGlobal\1_Common</Filter>
    </ClInclude>
    <ClInclude Include="MgrType.h">
      <Filter>StaticGlobal\2_Managers</Filter>
    </ClInclude>
    <ClInclude Include="Scene.h">
      <Filter>LocalDynamic\3_Scenes</Filter>
    </ClInclude>
    <ClInclude Include="ShaderType.h">
      <Filter>LocalDynamic\4_Shaders</Filter>
    </ClInclude>
    <ClInclude Include="ShaderEssential.h">
      <Filter>LocalDynamic\4_Shaders</Filter>
    </ClInclude>
    <ClInclude Include="ShaderList.h">
      <Filter>LocalDynamic\4_Shaders</Filter>
    </ClInclude>
    <ClInclude Include="Camera.h">
      <Filter>LocalDynamic\5_ObjectsAndCamera</Filter>
    </ClInclude>
    <ClInclude Include="Object.h">
      <Filter>LocalDynamic\5_ObjectsAndCamera</Filter>
    </ClInclude>
    <ClInclude Include="Player.h">
      <Filter>LocalDynamic\5_ObjectsAndCamera</Filter>
    </ClInclude>
    <ClInclude Include="MeshType.h">
      <Filter>LocalDynamic\6_Meshes</Filter>
    </ClInclude>
    <ClInclude Include="Mesh.h">
      <Filter>LocalDynamic\6_Meshes</Filter>
    </ClInclude>
    <ClInclude Include="GodGame.h">
      <Filter>Fixed</Filter>
    </ClInclude>
    <ClInclude Include="Resource.h">
      <Filter>Fixed</Filter>
    </ClInclude>
    <ClInclude Include="targetver.h">
      <Filter>Fixed</Filter>
    </ClInclude>
    <ClInclude Include="Timer.h">
      <Filter>Fixed</Filter>
    </ClInclude>
    <ClInclude Include="Shader.h">
      <Filter>LocalDynamic\4_Shaders</Filter>
    </ClInclude>
    <ClInclude Include="SlotList.h">
      <Filter>StaticGlobal\1_Common</Filter>
    </ClInclude>
    <ClInclude Include="MgrList.h">
      <Filter>StaticGlobal\2_Managers</Filter>
    </ClInclude>
    <ClInclude Include="ShadowMgr.h">
      <Filter>StaticGlobal\2_Managers</Filter>
    </ClInclude>
    <ClInclude Include="CollisionMgr.h">
      <Filter>StaticGlobal\2_Managers</Filter>
    </ClInclude>
    <ClInclude Include="ResourceMgr.h">
      <Filter>StaticGlobal\2_Managers</Filter>
    </ClInclude>
  </ItemGroup>
  <ItemGroup>
    <ClCompile Include="GameFramework.cpp">
      <Filter>StaticGlobal\1_Common</Filter>
    </ClCompile>
    <ClCompile Include="stdafx.cpp">
      <Filter>StaticGlobal\1_Common</Filter>
    </ClCompile>
    <ClCompile Include="Scene.cpp">
      <Filter>LocalDynamic\3_Scenes</Filter>
    </ClCompile>
    <ClCompile Include="ShaderEssential.cpp">
      <Filter>LocalDynamic\4_Shaders</Filter>
    </ClCompile>
    <ClCompile Include="ShaderList.cpp">
      <Filter>LocalDynamic\4_Shaders</Filter>
    </ClCompile>
    <ClCompile Include="ShaderType.cpp">
      <Filter>LocalDynamic\4_Shaders</Filter>
    </ClCompile>
    <ClCompile Include="Camera.cpp">
      <Filter>LocalDynamic\5_ObjectsAndCamera</Filter>
    </ClCompile>
    <ClCompile Include="Object.cpp">
      <Filter>LocalDynamic\5_ObjectsAndCamera</Filter>
    </ClCompile>
    <ClCompile Include="Player.cpp">
      <Filter>LocalDynamic\5_ObjectsAndCamera</Filter>
    </ClCompile>
    <ClCompile Include="Mesh.cpp">
      <Filter>LocalDynamic\6_Meshes</Filter>
    </ClCompile>
    <ClCompile Include="MeshType.cpp">
      <Filter>LocalDynamic\6_Meshes</Filter>
    </ClCompile>
    <ClCompile Include="main.cpp">
      <Filter>Fixed</Filter>
    </ClCompile>
    <ClCompile Include="Timer.cpp">
      <Filter>Fixed</Filter>
    </ClCompile>
    <ClCompile Include="ShadowMgr.cpp">
      <Filter>StaticGlobal\2_Managers</Filter>
    </ClCompile>
    <ClCompile Include="CollisionMgr.cpp">
      <Filter>StaticGlobal\2_Managers</Filter>
    </ClCompile>
    <ClCompile Include="CollisionPartitionTree.cpp">
      <Filter>StaticGlobal\2_Managers</Filter>
    </ClCompile>
    <ClCompile Include="ResourceMgr.cpp">
      <Filter>StaticGlobal\2_Managers</Filter>
    </ClCompile>
  </ItemGroup>
  <ItemGroup>
    <ResourceCompile Include="GodGame.rc">
      <Filter>리소스 파일</Filter>
    </ResourceCompile>
  </ItemGroup>
  <ItemGroup>
    <Image Include="small.ico">
      <Filter>리소스 파일</Filter>
    </Image>
    <Image Include="GodGame.ico">
      <Filter>리소스 파일</Filter>
    </Image>
  </ItemGroup>
  <ItemGroup>
    <FxCompile Include="Define.fx">
      <Filter>StaticGlobal\0_Effects</Filter>
    </FxCompile>
    <FxCompile Include="Effect.fx">
      <Filter>StaticGlobal\0_Effects</Filter>
    </FxCompile>
    <FxCompile Include="Light.fx">
      <Filter>StaticGlobal\0_Effects</Filter>
    </FxCompile>
    <FxCompile Include="Particle.fx">
      <Filter>StaticGlobal\0_Effects</Filter>
    </FxCompile>
    <FxCompile Include="Post.fx">
      <Filter>StaticGlobal\0_Effects\PostProcessing</Filter>
    </FxCompile>
    <FxCompile Include="BlurAndBloom.fx">
      <Filter>StaticGlobal\0_Effects\PostProcessing</Filter>
    </FxCompile>
    <FxCompile Include="Reduce.fx">
      <Filter>StaticGlobal\0_Effects\PostProcessing</Filter>
    </FxCompile>
    <FxCompile Include="SSAO.fx">
      <Filter>StaticGlobal\0_Effects\PostProcessing</Filter>
    </FxCompile>
    <FxCompile Include="Final.fx">
      <Filter>StaticGlobal\0_Effects\PostProcessing</Filter>
    </FxCompile>
    <FxCompile Include="PostDefine.fx">
      <Filter>StaticGlobal\0_Effects\PostProcessing</Filter>
    </FxCompile>
    <FxCompile Include="Shadow.fx">
      <Filter>StaticGlobal\0_Effects\PostProcessing</Filter>
    </FxCompile>
  </ItemGroup>
  <ItemGroup>
    <None Include="ReadMe.txt">
      <Filter>StaticGlobal</Filter>
    </None>
  </ItemGroup>
</Project>